
Microsoft Visual Studio Solution File, Format Version 12.00
# Visual Studio Version 16
VisualStudioVersion = 16.0.29025.244
MinimumVisualStudioVersion = 10.0.40219.1
Project("{8BC9CEB8-8B4A-11D0-8D11-00A0C91BC942}") = "core", "gxo\gxo.vcxproj", "{C8691A70-E6FB-48FA-B6C7-9FB7FBB57E0B}"
EndProject
Project("{8BC9CEB8-8B4A-11D0-8D11-00A0C91BC942}") = "engine", "engine\engine.vcxproj", "{7159F78E-1882-4BC4-966C-B510AF2CE04F}"
EndProject
Project("{8BC9CEB8-8B4A-11D0-8D11-00A0C91BC942}") = "studio", "studio\studio.vcxproj", "{4DE096C1-AACF-431A-9FC8-904DA3F064E6}"
EndProject
Project("{8BC9CEB8-8B4A-11D0-8D11-00A0C91BC942}") = "common", "common\common.vcxproj", "{80D95812-483B-4DC3-93A9-4C84A04FFD8A}"
EndProject
Project("{8BC9CEB8-8B4A-11D0-8D11-00A0C91BC942}") = "ptr_deleter", "ptr_deleter\ptr_deleter.vcxproj", "{D724D5D5-2E50-4F0D-B2CA-D71DFDD532A6}"
EndProject
Project("{2150E333-8FDC-42A3-9474-1A3956D46DE8}") = "test", "test", "{D026FCEF-F515-4095-9998-3DC885C0C7C3}"
EndProject
Project("{2150E333-8FDC-42A3-9474-1A3956D46DE8}") = "tool", "tool", "{2D97D5ED-EBBE-44F7-B051-370C29D7BBFC}"
EndProject
Project("{8BC9CEB8-8B4A-11D0-8D11-00A0C91BC942}") = "model_to_gltf", "model_to_gltf\model_to_gltf.vcxproj", "{013A3F47-8D93-4A0C-A09D-600F0D33E4FF}"
EndProject
Project("{8BC9CEB8-8B4A-11D0-8D11-00A0C91BC942}") = "lua", "3rdpart\lua\lua\lua.vcxproj", "{2214CCCE-7F6D-40C8-AFB4-69FCE2CEC9E0}"
EndProject
Project("{8BC9CEB8-8B4A-11D0-8D11-00A0C91BC942}") = "transparency", "..\test\transparency\transparency.vcxproj", "{C8A722D7-C7F2-4D9E-993C-4C69702CD6FD}"
EndProject
Global
	GlobalSection(SolutionConfigurationPlatforms) = preSolution
		Debug|x64 = Debug|x64
		Debug|x86 = Debug|x86
		MinSizeRel|x64 = MinSizeRel|x64
		MinSizeRel|x86 = MinSizeRel|x86
		Release|x64 = Release|x64
		Release|x86 = Release|x86
		RelWithDebInfo|x64 = RelWithDebInfo|x64
		RelWithDebInfo|x86 = RelWithDebInfo|x86
	EndGlobalSection
	GlobalSection(ProjectConfigurationPlatforms) = postSolution
		{C8691A70-E6FB-48FA-B6C7-9FB7FBB57E0B}.Debug|x64.ActiveCfg = Debug|x64
		{C8691A70-E6FB-48FA-B6C7-9FB7FBB57E0B}.Debug|x64.Build.0 = Debug|x64
		{C8691A70-E6FB-48FA-B6C7-9FB7FBB57E0B}.Debug|x86.ActiveCfg = Debug|Win32
		{C8691A70-E6FB-48FA-B6C7-9FB7FBB57E0B}.Debug|x86.Build.0 = Debug|Win32
		{C8691A70-E6FB-48FA-B6C7-9FB7FBB57E0B}.MinSizeRel|x64.ActiveCfg = Release|x64
		{C8691A70-E6FB-48FA-B6C7-9FB7FBB57E0B}.MinSizeRel|x64.Build.0 = Release|x64
		{C8691A70-E6FB-48FA-B6C7-9FB7FBB57E0B}.MinSizeRel|x86.ActiveCfg = Release|Win32
		{C8691A70-E6FB-48FA-B6C7-9FB7FBB57E0B}.MinSizeRel|x86.Build.0 = Release|Win32
		{C8691A70-E6FB-48FA-B6C7-9FB7FBB57E0B}.Release|x64.ActiveCfg = Release|x64
		{C8691A70-E6FB-48FA-B6C7-9FB7FBB57E0B}.Release|x64.Build.0 = Release|x64
		{C8691A70-E6FB-48FA-B6C7-9FB7FBB57E0B}.Release|x86.ActiveCfg = Release|Win32
		{C8691A70-E6FB-48FA-B6C7-9FB7FBB57E0B}.Release|x86.Build.0 = Release|Win32
		{C8691A70-E6FB-48FA-B6C7-9FB7FBB57E0B}.RelWithDebInfo|x64.ActiveCfg = Release|x64
		{C8691A70-E6FB-48FA-B6C7-9FB7FBB57E0B}.RelWithDebInfo|x64.Build.0 = Release|x64
		{C8691A70-E6FB-48FA-B6C7-9FB7FBB57E0B}.RelWithDebInfo|x86.ActiveCfg = Release|Win32
		{C8691A70-E6FB-48FA-B6C7-9FB7FBB57E0B}.RelWithDebInfo|x86.Build.0 = Release|Win32
		{7159F78E-1882-4BC4-966C-B510AF2CE04F}.Debug|x64.ActiveCfg = Debug|x64
		{7159F78E-1882-4BC4-966C-B510AF2CE04F}.Debug|x64.Build.0 = Debug|x64
		{7159F78E-1882-4BC4-966C-B510AF2CE04F}.Debug|x86.ActiveCfg = Debug|Win32
		{7159F78E-1882-4BC4-966C-B510AF2CE04F}.Debug|x86.Build.0 = Debug|Win32
		{7159F78E-1882-4BC4-966C-B510AF2CE04F}.MinSizeRel|x64.ActiveCfg = Release|x64
		{7159F78E-1882-4BC4-966C-B510AF2CE04F}.MinSizeRel|x64.Build.0 = Release|x64
		{7159F78E-1882-4BC4-966C-B510AF2CE04F}.MinSizeRel|x86.ActiveCfg = Release|Win32
		{7159F78E-1882-4BC4-966C-B510AF2CE04F}.MinSizeRel|x86.Build.0 = Release|Win32
		{7159F78E-1882-4BC4-966C-B510AF2CE04F}.Release|x64.ActiveCfg = Release|x64
		{7159F78E-1882-4BC4-966C-B510AF2CE04F}.Release|x64.Build.0 = Release|x64
		{7159F78E-1882-4BC4-966C-B510AF2CE04F}.Release|x86.ActiveCfg = Release|Win32
		{7159F78E-1882-4BC4-966C-B510AF2CE04F}.Release|x86.Build.0 = Release|Win32
		{7159F78E-1882-4BC4-966C-B510AF2CE04F}.RelWithDebInfo|x64.ActiveCfg = Release|x64
		{7159F78E-1882-4BC4-966C-B510AF2CE04F}.RelWithDebInfo|x64.Build.0 = Release|x64
		{7159F78E-1882-4BC4-966C-B510AF2CE04F}.RelWithDebInfo|x86.ActiveCfg = Release|Win32
		{7159F78E-1882-4BC4-966C-B510AF2CE04F}.RelWithDebInfo|x86.Build.0 = Release|Win32
		{4DE096C1-AACF-431A-9FC8-904DA3F064E6}.Debug|x64.ActiveCfg = Debug|x64
		{4DE096C1-AACF-431A-9FC8-904DA3F064E6}.Debug|x64.Build.0 = Debug|x64
		{4DE096C1-AACF-431A-9FC8-904DA3F064E6}.Debug|x86.ActiveCfg = Debug|Win32
		{4DE096C1-AACF-431A-9FC8-904DA3F064E6}.Debug|x86.Build.0 = Debug|Win32
		{4DE096C1-AACF-431A-9FC8-904DA3F064E6}.MinSizeRel|x64.ActiveCfg = Release|x64
		{4DE096C1-AACF-431A-9FC8-904DA3F064E6}.MinSizeRel|x64.Build.0 = Release|x64
		{4DE096C1-AACF-431A-9FC8-904DA3F064E6}.MinSizeRel|x86.ActiveCfg = Release|Win32
		{4DE096C1-AACF-431A-9FC8-904DA3F064E6}.MinSizeRel|x86.Build.0 = Release|Win32
		{4DE096C1-AACF-431A-9FC8-904DA3F064E6}.Release|x64.ActiveCfg = Release|x64
		{4DE096C1-AACF-431A-9FC8-904DA3F064E6}.Release|x64.Build.0 = Release|x64
		{4DE096C1-AACF-431A-9FC8-904DA3F064E6}.Release|x86.ActiveCfg = Release|Win32
		{4DE096C1-AACF-431A-9FC8-904DA3F064E6}.Release|x86.Build.0 = Release|Win32
		{4DE096C1-AACF-431A-9FC8-904DA3F064E6}.RelWithDebInfo|x64.ActiveCfg = Release|x64
		{4DE096C1-AACF-431A-9FC8-904DA3F064E6}.RelWithDebInfo|x64.Build.0 = Release|x64
		{4DE096C1-AACF-431A-9FC8-904DA3F064E6}.RelWithDebInfo|x86.ActiveCfg = Release|Win32
		{4DE096C1-AACF-431A-9FC8-904DA3F064E6}.RelWithDebInfo|x86.Build.0 = Release|Win32
		{80D95812-483B-4DC3-93A9-4C84A04FFD8A}.Debug|x64.ActiveCfg = Debug|x64
		{80D95812-483B-4DC3-93A9-4C84A04FFD8A}.Debug|x64.Build.0 = Debug|x64
		{80D95812-483B-4DC3-93A9-4C84A04FFD8A}.Debug|x86.ActiveCfg = Debug|Win32
		{80D95812-483B-4DC3-93A9-4C84A04FFD8A}.Debug|x86.Build.0 = Debug|Win32
		{80D95812-483B-4DC3-93A9-4C84A04FFD8A}.MinSizeRel|x64.ActiveCfg = Release|x64
		{80D95812-483B-4DC3-93A9-4C84A04FFD8A}.MinSizeRel|x64.Build.0 = Release|x64
		{80D95812-483B-4DC3-93A9-4C84A04FFD8A}.MinSizeRel|x86.ActiveCfg = Release|Win32
		{80D95812-483B-4DC3-93A9-4C84A04FFD8A}.MinSizeRel|x86.Build.0 = Release|Win32
		{80D95812-483B-4DC3-93A9-4C84A04FFD8A}.Release|x64.ActiveCfg = Release|x64
		{80D95812-483B-4DC3-93A9-4C84A04FFD8A}.Release|x64.Build.0 = Release|x64
		{80D95812-483B-4DC3-93A9-4C84A04FFD8A}.Release|x86.ActiveCfg = Release|Win32
		{80D95812-483B-4DC3-93A9-4C84A04FFD8A}.Release|x86.Build.0 = Release|Win32
		{80D95812-483B-4DC3-93A9-4C84A04FFD8A}.RelWithDebInfo|x64.ActiveCfg = Release|x64
		{80D95812-483B-4DC3-93A9-4C84A04FFD8A}.RelWithDebInfo|x64.Build.0 = Release|x64
		{80D95812-483B-4DC3-93A9-4C84A04FFD8A}.RelWithDebInfo|x86.ActiveCfg = Release|Win32
		{80D95812-483B-4DC3-93A9-4C84A04FFD8A}.RelWithDebInfo|x86.Build.0 = Release|Win32
		{D724D5D5-2E50-4F0D-B2CA-D71DFDD532A6}.Debug|x64.ActiveCfg = Debug|x64
		{D724D5D5-2E50-4F0D-B2CA-D71DFDD532A6}.Debug|x64.Build.0 = Debug|x64
		{D724D5D5-2E50-4F0D-B2CA-D71DFDD532A6}.Debug|x86.ActiveCfg = Debug|Win32
		{D724D5D5-2E50-4F0D-B2CA-D71DFDD532A6}.Debug|x86.Build.0 = Debug|Win32
		{D724D5D5-2E50-4F0D-B2CA-D71DFDD532A6}.MinSizeRel|x64.ActiveCfg = Release|x64
		{D724D5D5-2E50-4F0D-B2CA-D71DFDD532A6}.MinSizeRel|x64.Build.0 = Release|x64
		{D724D5D5-2E50-4F0D-B2CA-D71DFDD532A6}.MinSizeRel|x86.ActiveCfg = Release|Win32
		{D724D5D5-2E50-4F0D-B2CA-D71DFDD532A6}.MinSizeRel|x86.Build.0 = Release|Win32
		{D724D5D5-2E50-4F0D-B2CA-D71DFDD532A6}.Release|x64.ActiveCfg = Release|x64
		{D724D5D5-2E50-4F0D-B2CA-D71DFDD532A6}.Release|x64.Build.0 = Release|x64
		{D724D5D5-2E50-4F0D-B2CA-D71DFDD532A6}.Release|x86.ActiveCfg = Release|Win32
		{D724D5D5-2E50-4F0D-B2CA-D71DFDD532A6}.Release|x86.Build.0 = Release|Win32
		{D724D5D5-2E50-4F0D-B2CA-D71DFDD532A6}.RelWithDebInfo|x64.ActiveCfg = Release|x64
		{D724D5D5-2E50-4F0D-B2CA-D71DFDD532A6}.RelWithDebInfo|x64.Build.0 = Release|x64
		{D724D5D5-2E50-4F0D-B2CA-D71DFDD532A6}.RelWithDebInfo|x86.ActiveCfg = Release|Win32
		{D724D5D5-2E50-4F0D-B2CA-D71DFDD532A6}.RelWithDebInfo|x86.Build.0 = Release|Win32
		{013A3F47-8D93-4A0C-A09D-600F0D33E4FF}.Debug|x64.ActiveCfg = Debug|x64
		{013A3F47-8D93-4A0C-A09D-600F0D33E4FF}.Debug|x64.Build.0 = Debug|x64
		{013A3F47-8D93-4A0C-A09D-600F0D33E4FF}.Debug|x86.ActiveCfg = Debug|Win32
		{013A3F47-8D93-4A0C-A09D-600F0D33E4FF}.Debug|x86.Build.0 = Debug|Win32
		{013A3F47-8D93-4A0C-A09D-600F0D33E4FF}.MinSizeRel|x64.ActiveCfg = Release|x64
		{013A3F47-8D93-4A0C-A09D-600F0D33E4FF}.MinSizeRel|x64.Build.0 = Release|x64
		{013A3F47-8D93-4A0C-A09D-600F0D33E4FF}.MinSizeRel|x86.ActiveCfg = Release|Win32
		{013A3F47-8D93-4A0C-A09D-600F0D33E4FF}.MinSizeRel|x86.Build.0 = Release|Win32
		{013A3F47-8D93-4A0C-A09D-600F0D33E4FF}.Release|x64.ActiveCfg = Release|x64
		{013A3F47-8D93-4A0C-A09D-600F0D33E4FF}.Release|x64.Build.0 = Release|x64
		{013A3F47-8D93-4A0C-A09D-600F0D33E4FF}.Release|x86.ActiveCfg = Release|Win32
		{013A3F47-8D93-4A0C-A09D-600F0D33E4FF}.Release|x86.Build.0 = Release|Win32
		{013A3F47-8D93-4A0C-A09D-600F0D33E4FF}.RelWithDebInfo|x64.ActiveCfg = Release|x64
		{013A3F47-8D93-4A0C-A09D-600F0D33E4FF}.RelWithDebInfo|x64.Build.0 = Release|x64
		{013A3F47-8D93-4A0C-A09D-600F0D33E4FF}.RelWithDebInfo|x86.ActiveCfg = Release|Win32
		{013A3F47-8D93-4A0C-A09D-600F0D33E4FF}.RelWithDebInfo|x86.Build.0 = Release|Win32
		{2214CCCE-7F6D-40C8-AFB4-69FCE2CEC9E0}.Debug|x64.ActiveCfg = Debug|x64
		{2214CCCE-7F6D-40C8-AFB4-69FCE2CEC9E0}.Debug|x64.Build.0 = Debug|x64
		{2214CCCE-7F6D-40C8-AFB4-69FCE2CEC9E0}.Debug|x86.ActiveCfg = Debug|Win32
		{2214CCCE-7F6D-40C8-AFB4-69FCE2CEC9E0}.Debug|x86.Build.0 = Debug|Win32
		{2214CCCE-7F6D-40C8-AFB4-69FCE2CEC9E0}.MinSizeRel|x64.ActiveCfg = Release|x64
		{2214CCCE-7F6D-40C8-AFB4-69FCE2CEC9E0}.MinSizeRel|x64.Build.0 = Release|x64
		{2214CCCE-7F6D-40C8-AFB4-69FCE2CEC9E0}.MinSizeRel|x86.ActiveCfg = Release|Win32
		{2214CCCE-7F6D-40C8-AFB4-69FCE2CEC9E0}.MinSizeRel|x86.Build.0 = Release|Win32
		{2214CCCE-7F6D-40C8-AFB4-69FCE2CEC9E0}.Release|x64.ActiveCfg = Release|x64
		{2214CCCE-7F6D-40C8-AFB4-69FCE2CEC9E0}.Release|x64.Build.0 = Release|x64
		{2214CCCE-7F6D-40C8-AFB4-69FCE2CEC9E0}.Release|x86.ActiveCfg = Release|Win32
		{2214CCCE-7F6D-40C8-AFB4-69FCE2CEC9E0}.Release|x86.Build.0 = Release|Win32
		{2214CCCE-7F6D-40C8-AFB4-69FCE2CEC9E0}.RelWithDebInfo|x64.ActiveCfg = Release|x64
		{2214CCCE-7F6D-40C8-AFB4-69FCE2CEC9E0}.RelWithDebInfo|x64.Build.0 = Release|x64
		{2214CCCE-7F6D-40C8-AFB4-69FCE2CEC9E0}.RelWithDebInfo|x86.ActiveCfg = Release|Win32
		{2214CCCE-7F6D-40C8-AFB4-69FCE2CEC9E0}.RelWithDebInfo|x86.Build.0 = Release|Win32
		{C8A722D7-C7F2-4D9E-993C-4C69702CD6FD}.Debug|x64.ActiveCfg = Debug|x64
		{C8A722D7-C7F2-4D9E-993C-4C69702CD6FD}.Debug|x64.Build.0 = Debug|x64
		{C8A722D7-C7F2-4D9E-993C-4C69702CD6FD}.Debug|x86.ActiveCfg = Debug|Win32
		{C8A722D7-C7F2-4D9E-993C-4C69702CD6FD}.Debug|x86.Build.0 = Debug|Win32
		{C8A722D7-C7F2-4D9E-993C-4C69702CD6FD}.MinSizeRel|x64.ActiveCfg = Release|x64
		{C8A722D7-C7F2-4D9E-993C-4C69702CD6FD}.MinSizeRel|x64.Build.0 = Release|x64
		{C8A722D7-C7F2-4D9E-993C-4C69702CD6FD}.MinSizeRel|x86.ActiveCfg = Release|Win32
		{C8A722D7-C7F2-4D9E-993C-4C69702CD6FD}.MinSizeRel|x86.Build.0 = Release|Win32
		{C8A722D7-C7F2-4D9E-993C-4C69702CD6FD}.Release|x64.ActiveCfg = Release|x64
		{C8A722D7-C7F2-4D9E-993C-4C69702CD6FD}.Release|x64.Build.0 = Release|x64
		{C8A722D7-C7F2-4D9E-993C-4C69702CD6FD}.Release|x86.ActiveCfg = Release|Win32
		{C8A722D7-C7F2-4D9E-993C-4C69702CD6FD}.Release|x86.Build.0 = Release|Win32
		{C8A722D7-C7F2-4D9E-993C-4C69702CD6FD}.RelWithDebInfo|x64.ActiveCfg = Release|x64
		{C8A722D7-C7F2-4D9E-993C-4C69702CD6FD}.RelWithDebInfo|x64.Build.0 = Release|x64
		{C8A722D7-C7F2-4D9E-993C-4C69702CD6FD}.RelWithDebInfo|x86.ActiveCfg = Release|Win32
		{C8A722D7-C7F2-4D9E-993C-4C69702CD6FD}.RelWithDebInfo|x86.Build.0 = Release|Win32
	EndGlobalSection
	GlobalSection(SolutionProperties) = preSolution
		HideSolutionNode = FALSE
	EndGlobalSection
	GlobalSection(NestedProjects) = preSolution
		{D724D5D5-2E50-4F0D-B2CA-D71DFDD532A6} = {D026FCEF-F515-4095-9998-3DC885C0C7C3}
		{013A3F47-8D93-4A0C-A09D-600F0D33E4FF} = {2D97D5ED-EBBE-44F7-B051-370C29D7BBFC}
		{C8A722D7-C7F2-4D9E-993C-4C69702CD6FD} = {D026FCEF-F515-4095-9998-3DC885C0C7C3}
	EndGlobalSection
	GlobalSection(ExtensibilityGlobals) = postSolution
		SolutionGuid = {A1CEE9B4-CBB2-4BF2-B248-599D2C0D229F}
	EndGlobalSection
EndGlobal
