
Microsoft Visual Studio Solution File, Format Version 12.00
# Visual Studio Version 16
VisualStudioVersion = 16.0.30406.217
MinimumVisualStudioVersion = 10.0.40219.1
Project("{FAE04EC0-301F-11D3-BF4B-00C04F79EFBC}") = "Bootstrip", "bootstrip\Bootstrip.csproj", "{621F07B5-FFAF-40AF-ADC0-7BE95F694F9F}"
EndProject
Project("{FAE04EC0-301F-11D3-BF4B-00C04F79EFBC}") = "Studio", "studio\Studio.csproj", "{FCC7E22C-8AA8-42A5-B015-5DBA3211D736}"
EndProject
Project("{FAE04EC0-301F-11D3-BF4B-00C04F79EFBC}") = "Core", "core\Core.csproj", "{C9C48480-C292-48AE-ABE7-78DCD00ABE1C}"
EndProject
Project("{FAE04EC0-301F-11D3-BF4B-00C04F79EFBC}") = "Engine", "engine\Engine.csproj", "{D81F32B3-FA44-4818-A1C3-936D60A9BD60}"
EndProject
Project("{2150E333-8FDC-42A3-9474-1A3956D46DE8}") = "package", "package", "{90D432C2-B9DF-42DB-ACE7-7C4B5844547D}"
EndProject
Project("{FAE04EC0-301F-11D3-BF4B-00C04F79EFBC}") = "AssetsManager", "AssetsManager\AssetsManager.csproj", "{036F522B-1DC9-42E1-83D8-C8A177A9FB77}"
EndProject
Project("{2150E333-8FDC-42A3-9474-1A3956D46DE8}") = "System", "System", "{228155EF-8524-42F7-BEE2-D7494FC645EF}"
EndProject
Project("{FAE04EC0-301F-11D3-BF4B-00C04F79EFBC}") = "Render", "Render\Render.csproj", "{E68C8BE3-BE53-4FD8-8A6E-736EA4973A70}"
EndProject
Project("{FAE04EC0-301F-11D3-BF4B-00C04F79EFBC}") = "Scene", "Scene\Scene.csproj", "{42975C3A-9467-4BBA-A2F0-DAD96C3A56F6}"
EndProject
Project("{FAE04EC0-301F-11D3-BF4B-00C04F79EFBC}") = "Font", "Font\Font.csproj", "{AA3BE72A-1A64-46ED-9A97-97AD928BA036}"
EndProject
Project("{FAE04EC0-301F-11D3-BF4B-00C04F79EFBC}") = "UI", "UI\UI.csproj", "{59BFBB28-B2EA-4B3F-AF20-110B2DDBBCAD}"
EndProject
Project("{FAE04EC0-301F-11D3-BF4B-00C04F79EFBC}") = "Event", "Event\Event.csproj", "{75DA7AE0-0567-4548-AA5D-E2E639664943}"
EndProject
Global
	GlobalSection(SolutionConfigurationPlatforms) = preSolution
		Debug|Any CPU = Debug|Any CPU
		Release|Any CPU = Release|Any CPU
	EndGlobalSection
	GlobalSection(ProjectConfigurationPlatforms) = postSolution
		{621F07B5-FFAF-40AF-ADC0-7BE95F694F9F}.Debug|Any CPU.ActiveCfg = Debug|Any CPU
		{621F07B5-FFAF-40AF-ADC0-7BE95F694F9F}.Debug|Any CPU.Build.0 = Debug|Any CPU
		{621F07B5-FFAF-40AF-ADC0-7BE95F694F9F}.Release|Any CPU.ActiveCfg = Release|Any CPU
		{621F07B5-FFAF-40AF-ADC0-7BE95F694F9F}.Release|Any CPU.Build.0 = Release|Any CPU
		{FCC7E22C-8AA8-42A5-B015-5DBA3211D736}.Debug|Any CPU.ActiveCfg = Debug|Any CPU
		{FCC7E22C-8AA8-42A5-B015-5DBA3211D736}.Debug|Any CPU.Build.0 = Debug|Any CPU
		{FCC7E22C-8AA8-42A5-B015-5DBA3211D736}.Release|Any CPU.ActiveCfg = Release|Any CPU
		{FCC7E22C-8AA8-42A5-B015-5DBA3211D736}.Release|Any CPU.Build.0 = Release|Any CPU
		{C9C48480-C292-48AE-ABE7-78DCD00ABE1C}.Debug|Any CPU.ActiveCfg = Debug|Any CPU
		{C9C48480-C292-48AE-ABE7-78DCD00ABE1C}.Debug|Any CPU.Build.0 = Debug|Any CPU
		{C9C48480-C292-48AE-ABE7-78DCD00ABE1C}.Release|Any CPU.ActiveCfg = Release|Any CPU
		{C9C48480-C292-48AE-ABE7-78DCD00ABE1C}.Release|Any CPU.Build.0 = Release|Any CPU
		{D81F32B3-FA44-4818-A1C3-936D60A9BD60}.Debug|Any CPU.ActiveCfg = Debug|Any CPU
		{D81F32B3-FA44-4818-A1C3-936D60A9BD60}.Debug|Any CPU.Build.0 = Debug|Any CPU
		{D81F32B3-FA44-4818-A1C3-936D60A9BD60}.Release|Any CPU.ActiveCfg = Release|Any CPU
		{D81F32B3-FA44-4818-A1C3-936D60A9BD60}.Release|Any CPU.Build.0 = Release|Any CPU
		{036F522B-1DC9-42E1-83D8-C8A177A9FB77}.Debug|Any CPU.ActiveCfg = Debug|Any CPU
		{036F522B-1DC9-42E1-83D8-C8A177A9FB77}.Debug|Any CPU.Build.0 = Debug|Any CPU
		{036F522B-1DC9-42E1-83D8-C8A177A9FB77}.Release|Any CPU.ActiveCfg = Release|Any CPU
		{036F522B-1DC9-42E1-83D8-C8A177A9FB77}.Release|Any CPU.Build.0 = Release|Any CPU
		{E68C8BE3-BE53-4FD8-8A6E-736EA4973A70}.Debug|Any CPU.ActiveCfg = Debug|Any CPU
		{E68C8BE3-BE53-4FD8-8A6E-736EA4973A70}.Debug|Any CPU.Build.0 = Debug|Any CPU
		{E68C8BE3-BE53-4FD8-8A6E-736EA4973A70}.Release|Any CPU.ActiveCfg = Release|Any CPU
		{E68C8BE3-BE53-4FD8-8A6E-736EA4973A70}.Release|Any CPU.Build.0 = Release|Any CPU
		{42975C3A-9467-4BBA-A2F0-DAD96C3A56F6}.Debug|Any CPU.ActiveCfg = Debug|Any CPU
		{42975C3A-9467-4BBA-A2F0-DAD96C3A56F6}.Debug|Any CPU.Build.0 = Debug|Any CPU
		{42975C3A-9467-4BBA-A2F0-DAD96C3A56F6}.Release|Any CPU.ActiveCfg = Release|Any CPU
		{42975C3A-9467-4BBA-A2F0-DAD96C3A56F6}.Release|Any CPU.Build.0 = Release|Any CPU
		{AA3BE72A-1A64-46ED-9A97-97AD928BA036}.Debug|Any CPU.ActiveCfg = Debug|Any CPU
		{AA3BE72A-1A64-46ED-9A97-97AD928BA036}.Debug|Any CPU.Build.0 = Debug|Any CPU
		{AA3BE72A-1A64-46ED-9A97-97AD928BA036}.Release|Any CPU.ActiveCfg = Release|Any CPU
		{AA3BE72A-1A64-46ED-9A97-97AD928BA036}.Release|Any CPU.Build.0 = Release|Any CPU
		{59BFBB28-B2EA-4B3F-AF20-110B2DDBBCAD}.Debug|Any CPU.ActiveCfg = Debug|Any CPU
		{59BFBB28-B2EA-4B3F-AF20-110B2DDBBCAD}.Debug|Any CPU.Build.0 = Debug|Any CPU
		{59BFBB28-B2EA-4B3F-AF20-110B2DDBBCAD}.Release|Any CPU.ActiveCfg = Release|Any CPU
		{59BFBB28-B2EA-4B3F-AF20-110B2DDBBCAD}.Release|Any CPU.Build.0 = Release|Any CPU
		{75DA7AE0-0567-4548-AA5D-E2E639664943}.Debug|Any CPU.ActiveCfg = Debug|Any CPU
		{75DA7AE0-0567-4548-AA5D-E2E639664943}.Debug|Any CPU.Build.0 = Debug|Any CPU
		{75DA7AE0-0567-4548-AA5D-E2E639664943}.Release|Any CPU.ActiveCfg = Release|Any CPU
		{75DA7AE0-0567-4548-AA5D-E2E639664943}.Release|Any CPU.Build.0 = Release|Any CPU
	EndGlobalSection
	GlobalSection(SolutionProperties) = preSolution
		HideSolutionNode = FALSE
	EndGlobalSection
	GlobalSection(NestedProjects) = preSolution
		{036F522B-1DC9-42E1-83D8-C8A177A9FB77} = {90D432C2-B9DF-42DB-ACE7-7C4B5844547D}
		{E68C8BE3-BE53-4FD8-8A6E-736EA4973A70} = {228155EF-8524-42F7-BEE2-D7494FC645EF}
		{42975C3A-9467-4BBA-A2F0-DAD96C3A56F6} = {228155EF-8524-42F7-BEE2-D7494FC645EF}
		{AA3BE72A-1A64-46ED-9A97-97AD928BA036} = {90D432C2-B9DF-42DB-ACE7-7C4B5844547D}
		{59BFBB28-B2EA-4B3F-AF20-110B2DDBBCAD} = {90D432C2-B9DF-42DB-ACE7-7C4B5844547D}
		{75DA7AE0-0567-4548-AA5D-E2E639664943} = {228155EF-8524-42F7-BEE2-D7494FC645EF}
	EndGlobalSection
	GlobalSection(ExtensibilityGlobals) = postSolution
		SolutionGuid = {1D1B4C96-9A64-4654-8FA7-2351999ACCD0}
	EndGlobalSection
EndGlobal
