<?xml version="1.0" encoding="utf-8"?>
<Project ToolsVersion="4.0" xmlns="http://schemas.microsoft.com/developer/msbuild/2003">
  <ItemGroup>
    <Filter Include="core">
      <UniqueIdentifier>{ae9b71b2-6eda-4d06-8f96-9d247ffaf25e}</UniqueIdentifier>
    </Filter>
    <Filter Include="core\geometry">
      <UniqueIdentifier>{a9d0978b-828e-4ff4-813c-dc8cc40c2921}</UniqueIdentifier>
    </Filter>
    <Filter Include="core\geometry\2d">
      <UniqueIdentifier>{80336dff-5df6-4912-a399-f9acaff46b1d}</UniqueIdentifier>
    </Filter>
    <Filter Include="core\geometry\3d">
      <UniqueIdentifier>{174fae4b-2618-4bfb-9e2f-122ff8bf2092}</UniqueIdentifier>
    </Filter>
    <Filter Include="core\cloud">
      <UniqueIdentifier>{e13be8c5-0158-4c67-9dbe-8977b386b151}</UniqueIdentifier>
    </Filter>
    <Filter Include="core\effect">
      <UniqueIdentifier>{6b2fa1a0-a15b-4db7-89fc-3bf56c96bb50}</UniqueIdentifier>
    </Filter>
    <Filter Include="core\effect\particle">
      <UniqueIdentifier>{8195378e-46a4-41eb-9cb6-98b1dbeb8803}</UniqueIdentifier>
    </Filter>
    <Filter Include="core\computer">
      <UniqueIdentifier>{e056dbba-6280-4f78-88a0-6424a7afb44d}</UniqueIdentifier>
    </Filter>
    <Filter Include="core\font">
      <UniqueIdentifier>{8988f4a9-b5a9-4d33-aef5-25e09398555f}</UniqueIdentifier>
    </Filter>
    <Filter Include="core\physics">
      <UniqueIdentifier>{26bd952d-5081-4777-839e-c49cc76f071e}</UniqueIdentifier>
    </Filter>
    <Filter Include="core\resource">
      <UniqueIdentifier>{45f1c3d6-6bb6-4bd7-bdb2-bd0c654ccd39}</UniqueIdentifier>
    </Filter>
    <Filter Include="core\base">
      <UniqueIdentifier>{13042580-95a8-4829-922e-c229197d9fd1}</UniqueIdentifier>
    </Filter>
    <Filter Include="core\gpu">
      <UniqueIdentifier>{c9e35ca8-7218-4002-8c6e-8c71d70a217a}</UniqueIdentifier>
    </Filter>
    <Filter Include="core\media">
      <UniqueIdentifier>{bda3cebd-9bd6-4178-8999-e24e20737752}</UniqueIdentifier>
    </Filter>
    <Filter Include="core\media\video">
      <UniqueIdentifier>{d9aa1b2b-ffc2-4570-afa5-3f6e2b8bf1fd}</UniqueIdentifier>
    </Filter>
    <Filter Include="core\media\audio">
      <UniqueIdentifier>{e2c45434-f239-4886-87ec-107e32a13734}</UniqueIdentifier>
    </Filter>
    <Filter Include="core\media\image">
      <UniqueIdentifier>{d8b86191-ac31-4ed0-b9c2-3eaf23ec1c51}</UniqueIdentifier>
    </Filter>
    <Filter Include="core\render">
      <UniqueIdentifier>{610db6de-44a4-4c67-8f92-44e1e3995144}</UniqueIdentifier>
    </Filter>
    <Filter Include="core\render\render">
      <UniqueIdentifier>{63870e1e-4e61-4eb0-b94a-bed1fb5aff87}</UniqueIdentifier>
    </Filter>
    <Filter Include="core\render\renderable">
      <UniqueIdentifier>{cce9277b-d6de-4db0-accd-bf0736f9b6ba}</UniqueIdentifier>
    </Filter>
    <Filter Include="core\render\renderable\primitive">
      <UniqueIdentifier>{0bac061f-5441-4030-851d-ab9108b290f2}</UniqueIdentifier>
    </Filter>
    <Filter Include="core\animation">
      <UniqueIdentifier>{603f2493-568d-4f87-b8a1-a4c51fa10b8f}</UniqueIdentifier>
    </Filter>
    <Filter Include="core\animation\bone">
      <UniqueIdentifier>{82c5d6c7-34f9-4508-9ecd-7c25e82e4b5d}</UniqueIdentifier>
    </Filter>
    <Filter Include="core\animation\key">
      <UniqueIdentifier>{b24b1e3a-b643-4647-9c22-a6a4d2ae6886}</UniqueIdentifier>
    </Filter>
    <Filter Include="core\metadata">
      <UniqueIdentifier>{29e3b5cb-7047-48cd-afb7-784316f10a73}</UniqueIdentifier>
    </Filter>
    <Filter Include="core\system">
      <UniqueIdentifier>{e9d8da91-41e1-4e7f-9c77-a502d3c6ab55}</UniqueIdentifier>
    </Filter>
    <Filter Include="core\vg">
      <UniqueIdentifier>{768dc489-7cbc-44ad-b9fb-025418c85a41}</UniqueIdentifier>
    </Filter>
    <Filter Include="core\animation\ik">
      <UniqueIdentifier>{65ae48ff-567c-4556-af7a-1eb3b921ef98}</UniqueIdentifier>
    </Filter>
  </ItemGroup>
  <ItemGroup>
    <ClInclude Include="mesh.h">
      <Filter>core\resource</Filter>
    </ClInclude>
    <ClInclude Include="shader.h">
      <Filter>core\resource</Filter>
    </ClInclude>
    <ClInclude Include="resource.h">
      <Filter>core\resource</Filter>
    </ClInclude>
    <ClInclude Include="material.h">
      <Filter>core\resource</Filter>
    </ClInclude>
    <ClInclude Include="texture.h">
      <Filter>core\resource</Filter>
    </ClInclude>
    <ClInclude Include="id.h">
      <Filter>core\base</Filter>
    </ClInclude>
    <ClInclude Include="render.h">
      <Filter>core\render\render</Filter>
    </ClInclude>
    <ClInclude Include="renderpass.h">
      <Filter>core\resource</Filter>
    </ClInclude>
    <ClInclude Include="camera.h">
      <Filter>core\render\render</Filter>
    </ClInclude>
    <ClInclude Include="model.h">
      <Filter>core\resource</Filter>
    </ClInclude>
    <ClInclude Include="pass.h">
      <Filter>core\render\render</Filter>
    </ClInclude>
    <ClInclude Include="draw_pass.h">
      <Filter>core\render\render</Filter>
    </ClInclude>
    <ClInclude Include="blit_pass.h">
      <Filter>core\render\render</Filter>
    </ClInclude>
    <ClInclude Include="clear_pass.h">
      <Filter>core\render\render</Filter>
    </ClInclude>
    <ClInclude Include="pass_group.h">
      <Filter>core\render\render</Filter>
    </ClInclude>
    <ClInclude Include="compose_pass.h">
      <Filter>core\render\render</Filter>
    </ClInclude>
    <ClInclude Include="gpu_buffer.h">
      <Filter>core\gpu</Filter>
    </ClInclude>
    <ClInclude Include="render_target.h">
      <Filter>core\render\render</Filter>
    </ClInclude>
    <ClInclude Include="line.h">
      <Filter>core\render\renderable\primitive</Filter>
    </ClInclude>
    <ClInclude Include="pipeline.h">
      <Filter>core\render\render</Filter>
    </ClInclude>
    <ClInclude Include="point.h">
      <Filter>core\render\renderable\primitive</Filter>
    </ClInclude>
    <ClInclude Include="triangle.h">
      <Filter>core\render\renderable\primitive</Filter>
    </ClInclude>
    <ClInclude Include="gpu_object.h">
      <Filter>core\gpu</Filter>
    </ClInclude>
    <ClInclude Include="buffer.h">
      <Filter>core\base</Filter>
    </ClInclude>
    <ClInclude Include="type.h">
      <Filter>core\base</Filter>
    </ClInclude>
    <ClInclude Include="gpu_type.h">
      <Filter>core\gpu</Filter>
    </ClInclude>
    <ClInclude Include="gpu_api.h">
      <Filter>core\gpu</Filter>
    </ClInclude>
    <ClInclude Include="stl.h">
      <Filter>core\base</Filter>
    </ClInclude>
    <ClInclude Include="sample.h">
      <Filter>core\animation\key</Filter>
    </ClInclude>
    <ClInclude Include="file.h">
      <Filter>core\system</Filter>
    </ClInclude>
    <ClInclude Include="time.h">
      <Filter>core\system</Filter>
    </ClInclude>
    <ClInclude Include="log.h">
      <Filter>core\base</Filter>
    </ClInclude>
    <ClInclude Include="lua_script.h">
      <Filter>core\resource</Filter>
    </ClInclude>
    <ClInclude Include="gpu_shader.h">
      <Filter>core\gpu</Filter>
    </ClInclude>
    <ClInclude Include="name.h">
      <Filter>core\base</Filter>
    </ClInclude>
    <ClInclude Include="domain.h">
      <Filter>core\base</Filter>
    </ClInclude>
    <ClInclude Include="color.h">
      <Filter>core\base</Filter>
    </ClInclude>
    <ClInclude Include="core.h">
      <Filter>core</Filter>
    </ClInclude>
  </ItemGroup>
</Project>