<?xml version="1.0" encoding="utf-8"?>
<Project ToolsVersion="4.0" xmlns="http://schemas.microsoft.com/developer/msbuild/2003">
  <ItemGroup>
    <Filter Include="src">
      <UniqueIdentifier>{ae9b71b2-6eda-4d06-8f96-9d247ffaf25e}</UniqueIdentifier>
    </Filter>
    <Filter Include="3rdparty">
      <UniqueIdentifier>{f73254be-49ad-4485-a22f-95f86de68d2a}</UniqueIdentifier>
    </Filter>
    <Filter Include="src\component">
      <UniqueIdentifier>{69f11fba-9e18-40af-b25c-d9290a8ddd47}</UniqueIdentifier>
    </Filter>
    <Filter Include="src\object">
      <UniqueIdentifier>{09e66b56-07af-41b6-a5ab-6a93d2972acc}</UniqueIdentifier>
    </Filter>
    <Filter Include="src\geometry">
      <UniqueIdentifier>{a9d0978b-828e-4ff4-813c-dc8cc40c2921}</UniqueIdentifier>
    </Filter>
    <Filter Include="src\cloud">
      <UniqueIdentifier>{e13be8c5-0158-4c67-9dbe-8977b386b151}</UniqueIdentifier>
    </Filter>
    <Filter Include="src\geometry\2d">
      <UniqueIdentifier>{80336dff-5df6-4912-a399-f9acaff46b1d}</UniqueIdentifier>
    </Filter>
    <Filter Include="src\geometry\3d">
      <UniqueIdentifier>{174fae4b-2618-4bfb-9e2f-122ff8bf2092}</UniqueIdentifier>
    </Filter>
    <Filter Include="src\effect">
      <UniqueIdentifier>{6b2fa1a0-a15b-4db7-89fc-3bf56c96bb50}</UniqueIdentifier>
    </Filter>
    <Filter Include="src\effect\particle">
      <UniqueIdentifier>{8195378e-46a4-41eb-9cb6-98b1dbeb8803}</UniqueIdentifier>
    </Filter>
    <Filter Include="src\computer">
      <UniqueIdentifier>{e056dbba-6280-4f78-88a0-6424a7afb44d}</UniqueIdentifier>
    </Filter>
    <Filter Include="src\font">
      <UniqueIdentifier>{8988f4a9-b5a9-4d33-aef5-25e09398555f}</UniqueIdentifier>
    </Filter>
    <Filter Include="src\property">
      <UniqueIdentifier>{8f56a482-f716-4ddc-aa9c-47d17aced407}</UniqueIdentifier>
    </Filter>
    <Filter Include="src\ui">
      <UniqueIdentifier>{7fc8f72c-1168-4bdb-908e-1ddaa87ba8c8}</UniqueIdentifier>
    </Filter>
    <Filter Include="src\ui\2d">
      <UniqueIdentifier>{55244d69-8b68-43d4-b128-e5081611032b}</UniqueIdentifier>
    </Filter>
    <Filter Include="src\ui\3d">
      <UniqueIdentifier>{c76ed698-965b-4f04-9c3f-74f5859b93c3}</UniqueIdentifier>
    </Filter>
    <Filter Include="src\physics">
      <UniqueIdentifier>{26bd952d-5081-4777-839e-c49cc76f071e}</UniqueIdentifier>
    </Filter>
    <Filter Include="src\lua">
      <UniqueIdentifier>{55d5ee6b-87a6-41a8-9820-0c8afb34d615}</UniqueIdentifier>
    </Filter>
    <Filter Include="src\scene">
      <UniqueIdentifier>{cf90e4ee-ca38-4c4d-8fee-b2a00301b711}</UniqueIdentifier>
    </Filter>
    <Filter Include="src\resource">
      <UniqueIdentifier>{45f1c3d6-6bb6-4bd7-bdb2-bd0c654ccd39}</UniqueIdentifier>
    </Filter>
    <Filter Include="src\base">
      <UniqueIdentifier>{13042580-95a8-4829-922e-c229197d9fd1}</UniqueIdentifier>
    </Filter>
    <Filter Include="platform">
      <UniqueIdentifier>{ffc5a22e-07e9-4ee4-9ac7-8bd40aa1d71e}</UniqueIdentifier>
    </Filter>
    <Filter Include="src\render">
      <UniqueIdentifier>{610db6de-44a4-4c67-8f92-44e1e3995144}</UniqueIdentifier>
    </Filter>
    <Filter Include="src\render\render">
      <UniqueIdentifier>{63870e1e-4e61-4eb0-b94a-bed1fb5aff87}</UniqueIdentifier>
    </Filter>
    <Filter Include="src\render\renderable">
      <UniqueIdentifier>{cce9277b-d6de-4db0-accd-bf0736f9b6ba}</UniqueIdentifier>
    </Filter>
    <Filter Include="src\render\renderable\primitive">
      <UniqueIdentifier>{0bac061f-5441-4030-851d-ab9108b290f2}</UniqueIdentifier>
    </Filter>
    <Filter Include="src\vector_graph">
      <UniqueIdentifier>{768dc489-7cbc-44ad-b9fb-025418c85a41}</UniqueIdentifier>
    </Filter>
    <Filter Include="src\gpu">
      <UniqueIdentifier>{c9e35ca8-7218-4002-8c6e-8c71d70a217a}</UniqueIdentifier>
    </Filter>
    <Filter Include="src\media">
      <UniqueIdentifier>{bda3cebd-9bd6-4178-8999-e24e20737752}</UniqueIdentifier>
    </Filter>
    <Filter Include="src\media\video">
      <UniqueIdentifier>{d9aa1b2b-ffc2-4570-afa5-3f6e2b8bf1fd}</UniqueIdentifier>
    </Filter>
    <Filter Include="src\media\audio">
      <UniqueIdentifier>{e2c45434-f239-4886-87ec-107e32a13734}</UniqueIdentifier>
    </Filter>
    <Filter Include="src\media\image">
      <UniqueIdentifier>{d8b86191-ac31-4ed0-b9c2-3eaf23ec1c51}</UniqueIdentifier>
    </Filter>
    <Filter Include="src\operator">
      <UniqueIdentifier>{deb8d093-2420-4570-adc6-8bee60f8dbd7}</UniqueIdentifier>
    </Filter>
  </ItemGroup>
  <ItemGroup>
    <ClInclude Include="mesh.h">
      <Filter>src\resource</Filter>
    </ClInclude>
    <ClInclude Include="shader.h">
      <Filter>src\resource</Filter>
    </ClInclude>
    <ClInclude Include="resource.h">
      <Filter>src\resource</Filter>
    </ClInclude>
    <ClInclude Include="material.h">
      <Filter>src\resource</Filter>
    </ClInclude>
    <ClInclude Include="texture.h">
      <Filter>src\resource</Filter>
    </ClInclude>
    <ClInclude Include="name_manager.h">
      <Filter>src\base</Filter>
    </ClInclude>
    <ClInclude Include="id.h">
      <Filter>src\base</Filter>
    </ClInclude>
    <ClInclude Include="problem_domain.h">
      <Filter>src\base</Filter>
    </ClInclude>
    <ClInclude Include="render.h">
      <Filter>src\render\render</Filter>
    </ClInclude>
    <ClInclude Include="scene_manager.h">
      <Filter>src\scene</Filter>
    </ClInclude>
    <ClInclude Include="viewport.h">
      <Filter>src\component</Filter>
    </ClInclude>
    <ClInclude Include="node.h">
      <Filter>src\scene</Filter>
    </ClInclude>
    <ClInclude Include="renderpass.h">
      <Filter>src\resource</Filter>
    </ClInclude>
    <ClInclude Include="camera.h">
      <Filter>src\render\render</Filter>
    </ClInclude>
    <ClInclude Include="model.h">
      <Filter>src\resource</Filter>
    </ClInclude>
    <ClInclude Include="camera_node.h">
      <Filter>src\component</Filter>
    </ClInclude>
    <ClInclude Include="resource_manager.h">
      <Filter>src\resource</Filter>
    </ClInclude>
    <ClInclude Include="pass.h">
      <Filter>src\render\render</Filter>
    </ClInclude>
    <ClInclude Include="draw_pass.h">
      <Filter>src\render\render</Filter>
    </ClInclude>
    <ClInclude Include="blit_pass.h">
      <Filter>src\render\render</Filter>
    </ClInclude>
    <ClInclude Include="clear_pass.h">
      <Filter>src\render\render</Filter>
    </ClInclude>
    <ClInclude Include="pass_group.h">
      <Filter>src\render\render</Filter>
    </ClInclude>
    <ClInclude Include="compose_pass.h">
      <Filter>src\render\render</Filter>
    </ClInclude>
    <ClInclude Include="kdtree.h">
      <Filter>src\scene</Filter>
    </ClInclude>
    <ClInclude Include="bvh.h">
      <Filter>src\scene</Filter>
    </ClInclude>
    <ClInclude Include="gpu_buffer.h">
      <Filter>src\gpu</Filter>
    </ClInclude>
    <ClInclude Include="render_target.h">
      <Filter>src\render\render</Filter>
    </ClInclude>
    <ClInclude Include="manipulator.h">
      <Filter>src\component</Filter>
    </ClInclude>
    <ClInclude Include="line.h">
      <Filter>src\render\renderable\primitive</Filter>
    </ClInclude>
    <ClInclude Include="pipeline.h">
      <Filter>src\render\render</Filter>
    </ClInclude>
    <ClInclude Include="point.h">
      <Filter>src\render\renderable\primitive</Filter>
    </ClInclude>
    <ClInclude Include="triangle.h">
      <Filter>src\render\renderable\primitive</Filter>
    </ClInclude>
    <ClInclude Include="gpu_object.h">
      <Filter>src\gpu</Filter>
    </ClInclude>
    <ClInclude Include="compositer.h">
      <Filter>src\ui\2d</Filter>
    </ClInclude>
    <ClInclude Include="layer.h">
      <Filter>src\ui\2d</Filter>
    </ClInclude>
    <ClInclude Include="script.h">
      <Filter>src\resource</Filter>
    </ClInclude>
    <ClInclude Include="gpu.h">
      <Filter>src\gpu</Filter>
    </ClInclude>
    <ClInclude Include="base.h">
      <Filter>src\base</Filter>
    </ClInclude>
    <ClInclude Include="buffer.h">
      <Filter>src\base</Filter>
    </ClInclude>
    <ClInclude Include="type.h">
      <Filter>src\base</Filter>
    </ClInclude>
    <ClInclude Include="gpu_type.h">
      <Filter>src\gpu</Filter>
    </ClInclude>
  </ItemGroup>
</Project>