<?xml version="1.0" encoding="utf-8"?>
<Project ToolsVersion="4.0" xmlns="http://schemas.microsoft.com/developer/msbuild/2003">
  <ItemGroup>
    <Filter Include="system">
      <UniqueIdentifier>{7f575345-d97c-4a43-9406-3ab841aa8888}</UniqueIdentifier>
    </Filter>
    <Filter Include="engine">
      <UniqueIdentifier>{ff2c0b87-777e-4904-8c12-d322a75b4cfd}</UniqueIdentifier>
    </Filter>
    <Filter Include="platform">
      <UniqueIdentifier>{bc1a12bd-1984-471d-8333-62bd6c3875b9}</UniqueIdentifier>
    </Filter>
    <Filter Include="platform\window">
      <UniqueIdentifier>{2796b911-766f-4885-8d02-4dead4c2c108}</UniqueIdentifier>
    </Filter>
    <Filter Include="platform\linux">
      <UniqueIdentifier>{c745ebb1-dd11-4e71-895a-02240a23be77}</UniqueIdentifier>
    </Filter>
    <Filter Include="support">
      <UniqueIdentifier>{ea7899cf-6616-4431-81d2-3657ac3d8bc3}</UniqueIdentifier>
    </Filter>
    <Filter Include="lua">
      <UniqueIdentifier>{1da2d866-dd2b-494e-a4e7-7d0cffb531fe}</UniqueIdentifier>
    </Filter>
    <Filter Include="plugin">
      <UniqueIdentifier>{2a075a3a-5b57-439e-b422-267298f8e68d}</UniqueIdentifier>
    </Filter>
    <Filter Include="slot">
      <UniqueIdentifier>{0bcb0cb9-8cc8-4dea-9a5f-9434f1165333}</UniqueIdentifier>
    </Filter>
    <Filter Include="manager">
      <UniqueIdentifier>{c615642b-4798-45c4-b0c6-f539eb36167c}</UniqueIdentifier>
    </Filter>
    <Filter Include="ecs">
      <UniqueIdentifier>{55c19cda-1055-4f8c-bc19-3c435c0c2084}</UniqueIdentifier>
    </Filter>
    <Filter Include="ecs\property">
      <UniqueIdentifier>{1db25664-5678-4df7-a9b4-549fa0cef70d}</UniqueIdentifier>
    </Filter>
    <Filter Include="ecs\scene">
      <UniqueIdentifier>{15e18d8e-1fc2-4e39-96b6-7846e7c1bd52}</UniqueIdentifier>
    </Filter>
    <Filter Include="ecs\scene\entity">
      <UniqueIdentifier>{1c2941a7-114f-4446-9eef-1dd103621aa5}</UniqueIdentifier>
    </Filter>
    <Filter Include="ecs\ui">
      <UniqueIdentifier>{c4d0b526-b542-4464-99a4-7864159774f0}</UniqueIdentifier>
    </Filter>
    <Filter Include="ecs\ui\2d">
      <UniqueIdentifier>{e8bfa5f0-5e2c-49e9-88b6-0a747165e7e6}</UniqueIdentifier>
    </Filter>
    <Filter Include="ecs\ui\2d\nodes">
      <UniqueIdentifier>{ff7556f0-c99f-4600-a686-27bfd498bd4d}</UniqueIdentifier>
    </Filter>
    <Filter Include="ecs\ui\2d\UiRender">
      <UniqueIdentifier>{095555a9-ee8e-45f6-88f7-8df97e927e0f}</UniqueIdentifier>
    </Filter>
    <Filter Include="ecs\ui\3d">
      <UniqueIdentifier>{f13c4198-dd3e-4586-b965-d1107a88fc24}</UniqueIdentifier>
    </Filter>
    <Filter Include="system\event_system">
      <UniqueIdentifier>{9a5c7045-b241-4da1-98d1-bc2de5ce2221}</UniqueIdentifier>
    </Filter>
    <Filter Include="logic">
      <UniqueIdentifier>{bc2622f1-a08d-41cf-b647-7b83c4b66691}</UniqueIdentifier>
    </Filter>
    <Filter Include="logic\state_machine">
      <UniqueIdentifier>{58827c73-2881-4aff-a73a-a3a02cb1ce34}</UniqueIdentifier>
    </Filter>
    <Filter Include="logic\script">
      <UniqueIdentifier>{d6c9f03e-225c-4cb5-af91-d2ea95270430}</UniqueIdentifier>
    </Filter>
    <Filter Include="logic\animation">
      <UniqueIdentifier>{dd6d1d59-838f-487d-905e-c2164f7ce875}</UniqueIdentifier>
    </Filter>
    <Filter Include="logic\binding">
      <UniqueIdentifier>{aa00f20b-c310-467b-b380-894a6c279aad}</UniqueIdentifier>
    </Filter>
    <Filter Include="logic\behive_tree">
      <UniqueIdentifier>{cb5a0676-01ae-4e6e-9bd8-56b28b1580b3}</UniqueIdentifier>
    </Filter>
    <Filter Include="logic\event">
      <UniqueIdentifier>{10647def-47b4-4934-a151-696369f29b03}</UniqueIdentifier>
    </Filter>
    <Filter Include="meta">
      <UniqueIdentifier>{f00b09d5-8641-47b1-a0d9-23589bc904f4}</UniqueIdentifier>
    </Filter>
    <Filter Include="core">
      <UniqueIdentifier>{1f5eb9e6-4d8a-4fc2-aea1-b98faf9bdc2e}</UniqueIdentifier>
    </Filter>
    <Filter Include="core\geometry">
      <UniqueIdentifier>{4b04e0c5-b305-42d5-bba0-79d04f407d2c}</UniqueIdentifier>
    </Filter>
    <Filter Include="core\geometry\2d">
      <UniqueIdentifier>{9e4c6229-96da-4461-9c22-95acc5417eca}</UniqueIdentifier>
    </Filter>
    <Filter Include="core\geometry\3d">
      <UniqueIdentifier>{1ef59868-5213-44e3-8528-dac3d48823f6}</UniqueIdentifier>
    </Filter>
    <Filter Include="core\cloud">
      <UniqueIdentifier>{fb3a733d-458e-47d9-a659-24edbdca9808}</UniqueIdentifier>
    </Filter>
    <Filter Include="core\effect">
      <UniqueIdentifier>{01bd6eb4-8739-46db-a637-f5cc9ce32984}</UniqueIdentifier>
    </Filter>
    <Filter Include="core\effect\particle">
      <UniqueIdentifier>{e0673574-49be-4b87-80d4-234f17b7b1c8}</UniqueIdentifier>
    </Filter>
    <Filter Include="core\computer">
      <UniqueIdentifier>{753f4459-750d-4b4d-b4be-a0233022a85d}</UniqueIdentifier>
    </Filter>
    <Filter Include="core\font">
      <UniqueIdentifier>{c1760893-71bf-4d38-8fa1-6d70fdd1ce7a}</UniqueIdentifier>
    </Filter>
    <Filter Include="core\physics">
      <UniqueIdentifier>{5945140c-c1b7-42af-bf82-08f272e57f61}</UniqueIdentifier>
    </Filter>
    <Filter Include="core\resource">
      <UniqueIdentifier>{853d581a-1b8a-4795-bf3a-e96b8233fa6e}</UniqueIdentifier>
    </Filter>
    <Filter Include="core\base">
      <UniqueIdentifier>{bb9c1441-1234-47d4-95ad-45644d52bc93}</UniqueIdentifier>
    </Filter>
    <Filter Include="core\gpu">
      <UniqueIdentifier>{7f1865d3-3ca8-4c38-b831-193cc0dfeb1e}</UniqueIdentifier>
    </Filter>
    <Filter Include="core\media">
      <UniqueIdentifier>{f8a199cf-6df8-4a54-b1fc-375283133c96}</UniqueIdentifier>
    </Filter>
    <Filter Include="core\media\video">
      <UniqueIdentifier>{afab9176-ed1f-4697-b85d-b3764f4b6bff}</UniqueIdentifier>
    </Filter>
    <Filter Include="core\media\audio">
      <UniqueIdentifier>{20d122d4-27bc-4c53-94cb-675ca45b9001}</UniqueIdentifier>
    </Filter>
    <Filter Include="core\media\image">
      <UniqueIdentifier>{990c769f-465d-47b8-aa04-261eb8144cb0}</UniqueIdentifier>
    </Filter>
    <Filter Include="core\render">
      <UniqueIdentifier>{e9273f83-feff-4aec-9af5-4e9ad6adba5b}</UniqueIdentifier>
    </Filter>
    <Filter Include="core\render\render">
      <UniqueIdentifier>{6cc89cb2-90d9-43fd-b808-3fa72338cab2}</UniqueIdentifier>
    </Filter>
    <Filter Include="core\render\renderable">
      <UniqueIdentifier>{988ff9b2-a05c-407e-9da7-71405df878c0}</UniqueIdentifier>
    </Filter>
    <Filter Include="core\render\renderable\primitive">
      <UniqueIdentifier>{5dfc26b3-c1b5-4ef2-b5b0-6b62c06217c1}</UniqueIdentifier>
    </Filter>
    <Filter Include="core\animation">
      <UniqueIdentifier>{04dc1951-3f75-4013-a320-b0d5651d8827}</UniqueIdentifier>
    </Filter>
    <Filter Include="core\animation\bone">
      <UniqueIdentifier>{d8c90f65-dab0-482f-9c87-f3c2bccf4a35}</UniqueIdentifier>
    </Filter>
    <Filter Include="core\animation\key">
      <UniqueIdentifier>{71ae2de8-2c51-49fa-a533-f145e3f602fe}</UniqueIdentifier>
    </Filter>
    <Filter Include="core\animation\ik">
      <UniqueIdentifier>{204c576d-83e6-43db-882d-1aba83b1f26e}</UniqueIdentifier>
    </Filter>
    <Filter Include="core\metadata">
      <UniqueIdentifier>{2849dc55-eb5d-4bff-ae78-0a6023514675}</UniqueIdentifier>
    </Filter>
    <Filter Include="core\vg">
      <UniqueIdentifier>{baea6bc4-0245-49eb-bb1e-9f30125cbefc}</UniqueIdentifier>
    </Filter>
    <Filter Include="core\math">
      <UniqueIdentifier>{581dcc5e-f5d1-45fe-9f9a-d60fb5b0da5d}</UniqueIdentifier>
    </Filter>
    <Filter Include="core\tool">
      <UniqueIdentifier>{e906d6df-628c-4f5f-b529-b7f95702f50a}</UniqueIdentifier>
    </Filter>
    <Filter Include="core\render\cmd">
      <UniqueIdentifier>{40aa765c-bcdf-4804-b1a4-9915b4167887}</UniqueIdentifier>
    </Filter>
  </ItemGroup>
  <ItemGroup>
    <ClInclude Include="..\gxo\file_system.h">
      <Filter>system</Filter>
    </ClInclude>
    <ClInclude Include="net_system.h">
      <Filter>system</Filter>
    </ClInclude>
    <ClInclude Include="..\gxo\resource_manager.h">
      <Filter>manager</Filter>
    </ClInclude>
    <ClInclude Include="window_system.h">
      <Filter>system</Filter>
    </ClInclude>
    <ClInclude Include="bvh.h">
      <Filter>ecs\scene</Filter>
    </ClInclude>
    <ClInclude Include="kdtree.h">
      <Filter>ecs\scene</Filter>
    </ClInclude>
    <ClInclude Include="..\gxo\compositer.h">
      <Filter>ecs\ui\2d</Filter>
    </ClInclude>
    <ClInclude Include="..\gxo\layer.h">
      <Filter>ecs\ui\2d</Filter>
    </ClInclude>
    <ClInclude Include="..\gxo\camera_node.h">
      <Filter>slot</Filter>
    </ClInclude>
    <ClInclude Include="..\gxo\manipulator.h">
      <Filter>slot</Filter>
    </ClInclude>
    <ClInclude Include="..\gxo\viewport.h">
      <Filter>slot</Filter>
    </ClInclude>
    <ClInclude Include="light.h">
      <Filter>slot</Filter>
    </ClInclude>
    <ClInclude Include="gxo.h" />
    <ClInclude Include="engine.h">
      <Filter>engine</Filter>
    </ClInclude>
    <ClInclude Include="async_system.h">
      <Filter>system</Filter>
    </ClInclude>
    <ClInclude Include="render_system.h">
      <Filter>system</Filter>
    </ClInclude>
    <ClInclude Include="time_system.h">
      <Filter>system</Filter>
    </ClInclude>
    <ClInclude Include="scene_manager.h">
      <Filter>ecs\scene</Filter>
    </ClInclude>
    <ClInclude Include="ui_root.h">
      <Filter>ecs\ui\2d\nodes</Filter>
    </ClInclude>
    <ClInclude Include="scene_root.h">
      <Filter>ecs\scene\entity</Filter>
    </ClInclude>
    <ClInclude Include="scene_node.h">
      <Filter>ecs\scene\entity</Filter>
    </ClInclude>
    <ClInclude Include="..\gxo\ecs.h">
      <Filter>ecs</Filter>
    </ClInclude>
    <ClInclude Include="entity.h">
      <Filter>ecs</Filter>
    </ClInclude>
    <ClInclude Include="tree_node.h">
      <Filter>ecs</Filter>
    </ClInclude>
    <ClInclude Include="ui_node.h">
      <Filter>ecs\ui\2d\nodes</Filter>
    </ClInclude>
    <ClInclude Include="textblock.h">
      <Filter>ecs\ui\2d\nodes</Filter>
    </ClInclude>
    <ClInclude Include="viewport.h">
      <Filter>ecs\ui\2d\nodes</Filter>
    </ClInclude>
    <ClInclude Include="process_node.h">
      <Filter>ecs\ui\2d\nodes</Filter>
    </ClInclude>
    <ClInclude Include="work_system.h">
      <Filter>system</Filter>
    </ClInclude>
    <ClInclude Include="application.h" />
    <ClInclude Include="..\..\..\depence\sol\forward.hpp">
      <Filter>lua</Filter>
    </ClInclude>
    <ClInclude Include="..\..\..\depence\sol\sol.hpp">
      <Filter>lua</Filter>
    </ClInclude>
    <ClInclude Include="event_system.h">
      <Filter>system\event_system</Filter>
    </ClInclude>
    <ClInclude Include="gxo_event_queue.h">
      <Filter>system\event_system</Filter>
    </ClInclude>
    <ClInclude Include="gxo_event.h">
      <Filter>system\event_system</Filter>
    </ClInclude>
    <ClInclude Include="tree_manager.h">
      <Filter>ecs</Filter>
    </ClInclude>
    <ClInclude Include="state_mechine.h">
      <Filter>logic\state_machine</Filter>
    </ClInclude>
    <ClInclude Include="profiler.h">
      <Filter>support</Filter>
    </ClInclude>
    <ClInclude Include="trigger.h">
      <Filter>logic\event</Filter>
    </ClInclude>
    <ClInclude Include="message.h">
      <Filter>logic\event</Filter>
    </ClInclude>
    <ClInclude Include="action.h">
      <Filter>logic\event</Filter>
    </ClInclude>
    <ClInclude Include="config.h">
      <Filter>support</Filter>
    </ClInclude>
    <ClInclude Include="property_name_def.h">
      <Filter>ecs\property</Filter>
    </ClInclude>
    <ClInclude Include="meta_id.h">
      <Filter>meta</Filter>
    </ClInclude>
    <ClInclude Include="..\gxo\core.h">
      <Filter>core</Filter>
    </ClInclude>
    <ClInclude Include="..\gxo\material.h">
      <Filter>core\resource</Filter>
    </ClInclude>
    <ClInclude Include="..\gxo\mesh.h">
      <Filter>core\resource</Filter>
    </ClInclude>
    <ClInclude Include="..\gxo\model.h">
      <Filter>core\resource</Filter>
    </ClInclude>
    <ClInclude Include="..\gxo\renderpass.h">
      <Filter>core\resource</Filter>
    </ClInclude>
    <ClInclude Include="..\gxo\resource.h">
      <Filter>core\resource</Filter>
    </ClInclude>
    <ClInclude Include="..\gxo\lua_script.h">
      <Filter>core\resource</Filter>
    </ClInclude>
    <ClInclude Include="..\gxo\shader.h">
      <Filter>core\resource</Filter>
    </ClInclude>
    <ClInclude Include="..\gxo\texture.h">
      <Filter>core\resource</Filter>
    </ClInclude>
    <ClInclude Include="..\gxo\gxo_rect.h">
      <Filter>core\base</Filter>
    </ClInclude>
    <ClInclude Include="..\gxo\domain.h">
      <Filter>core\base</Filter>
    </ClInclude>
    <ClInclude Include="..\gxo\gpu.h">
      <Filter>core\gpu</Filter>
    </ClInclude>
    <ClInclude Include="..\gxo\gpu_api.h">
      <Filter>core\gpu</Filter>
    </ClInclude>
    <ClInclude Include="..\gxo\gpu_buffer.h">
      <Filter>core\gpu</Filter>
    </ClInclude>
    <ClInclude Include="..\gxo\gpu_object.h">
      <Filter>core\gpu</Filter>
    </ClInclude>
    <ClInclude Include="..\gxo\gpu_shader.h">
      <Filter>core\gpu</Filter>
    </ClInclude>
    <ClInclude Include="..\gxo\gpu_type.h">
      <Filter>core\gpu</Filter>
    </ClInclude>
    <ClInclude Include="..\gxo\blit_pass.h">
      <Filter>core\render\render</Filter>
    </ClInclude>
    <ClInclude Include="..\gxo\camera.h">
      <Filter>core\render\render</Filter>
    </ClInclude>
    <ClInclude Include="..\gxo\clear_pass.h">
      <Filter>core\render\render</Filter>
    </ClInclude>
    <ClInclude Include="..\gxo\compose_pass.h">
      <Filter>core\render\render</Filter>
    </ClInclude>
    <ClInclude Include="..\gxo\draw_pass.h">
      <Filter>core\render\render</Filter>
    </ClInclude>
    <ClInclude Include="..\gxo\pass.h">
      <Filter>core\render\render</Filter>
    </ClInclude>
    <ClInclude Include="..\gxo\pass_group.h">
      <Filter>core\render\render</Filter>
    </ClInclude>
    <ClInclude Include="..\gxo\pipeline.h">
      <Filter>core\render\render</Filter>
    </ClInclude>
    <ClInclude Include="..\gxo\render.h">
      <Filter>core\render\render</Filter>
    </ClInclude>
    <ClInclude Include="..\gxo\line.h">
      <Filter>core\render\renderable\primitive</Filter>
    </ClInclude>
    <ClInclude Include="..\gxo\point.h">
      <Filter>core\render\renderable\primitive</Filter>
    </ClInclude>
    <ClInclude Include="..\gxo\triangle.h">
      <Filter>core\render\renderable\primitive</Filter>
    </ClInclude>
    <ClInclude Include="..\gxo\curve.h">
      <Filter>core\animation\key</Filter>
    </ClInclude>
    <ClInclude Include="..\gxo\sample.h">
      <Filter>core\animation\key</Filter>
    </ClInclude>
    <ClInclude Include="..\gxo\gxo_meta.h">
      <Filter>core\metadata</Filter>
    </ClInclude>
    <ClInclude Include="..\gxo\gxo_math.h">
      <Filter>core\math</Filter>
    </ClInclude>
    <ClInclude Include="ui_image.h">
      <Filter>ecs\ui\2d\nodes</Filter>
    </ClInclude>
    <ClInclude Include="ui_view.h">
      <Filter>ecs\ui\2d\nodes</Filter>
    </ClInclude>
    <ClInclude Include="ui_screen.h">
      <Filter>ecs\ui\2d\nodes</Filter>
    </ClInclude>
    <ClInclude Include="..\3rdpart\nanovg\fontstash.h">
      <Filter>core\vg</Filter>
    </ClInclude>
    <ClInclude Include="..\3rdpart\nanovg\nanovg.h">
      <Filter>core\vg</Filter>
    </ClInclude>
    <ClInclude Include="..\3rdpart\nanovg\nanovg_gl.h">
      <Filter>core\vg</Filter>
    </ClInclude>
    <ClInclude Include="..\3rdpart\nanovg\nanovg_gl_utils.h">
      <Filter>core\vg</Filter>
    </ClInclude>
    <ClInclude Include="..\3rdpart\nanovg\stb_image.h">
      <Filter>core\vg</Filter>
    </ClInclude>
    <ClInclude Include="..\3rdpart\nanovg\stb_truetype.h">
      <Filter>core\vg</Filter>
    </ClInclude>
    <ClInclude Include="vg.h">
      <Filter>core\vg</Filter>
    </ClInclude>
    <ClInclude Include="circle_queue.h">
      <Filter>core\tool</Filter>
    </ClInclude>
    <ClInclude Include="render_commend.h">
      <Filter>core\render\cmd</Filter>
    </ClInclude>
    <ClInclude Include="render_engine.h">
      <Filter>core\render\cmd</Filter>
    </ClInclude>
    <ClInclude Include="..\gxo\gxo_buffer.h">
      <Filter>core\base</Filter>
    </ClInclude>
    <ClInclude Include="..\gxo\gxo_color.h">
      <Filter>core\base</Filter>
    </ClInclude>
    <ClInclude Include="gxo_concept.h">
      <Filter>core\base</Filter>
    </ClInclude>
    <ClInclude Include="..\gxo\gxo_type.h">
      <Filter>core\base</Filter>
    </ClInclude>
    <ClInclude Include="..\gxo\gxo_stl.h">
      <Filter>core\base</Filter>
    </ClInclude>
    <ClInclude Include="..\gxo\gxo_name.h">
      <Filter>core\base</Filter>
    </ClInclude>
    <ClInclude Include="..\gxo\gxo_id.h">
      <Filter>core\base</Filter>
    </ClInclude>
    <ClInclude Include="..\gxo\gxo_log.h">
      <Filter>core\base</Filter>
    </ClInclude>
    <ClInclude Include="gpu_image.h">
      <Filter>core\gpu</Filter>
    </ClInclude>
    <ClInclude Include="gpu_view.h">
      <Filter>core\gpu</Filter>
    </ClInclude>
    <ClInclude Include="gpu_pipeline.h">
      <Filter>core\gpu</Filter>
    </ClInclude>
    <ClInclude Include="gpu_header.h">
      <Filter>core\gpu</Filter>
    </ClInclude>
    <ClInclude Include="..\gxo\render_target.h">
      <Filter>core\resource</Filter>
    </ClInclude>
  </ItemGroup>
  <ItemGroup>
    <ClCompile Include="main.cpp" />
    <ClCompile Include="engine.cpp">
      <Filter>engine</Filter>
    </ClCompile>
    <ClCompile Include="render_system.cpp">
      <Filter>system</Filter>
    </ClCompile>
    <ClCompile Include="async_system.cpp">
      <Filter>system</Filter>
    </ClCompile>
    <ClCompile Include="test_application.cpp" />
    <ClCompile Include="..\3rdpart\nanovg\nanovg.c">
      <Filter>core\vg</Filter>
    </ClCompile>
    <ClCompile Include="ui_node.cpp">
      <Filter>ecs\ui\2d\nodes</Filter>
    </ClCompile>
    <ClCompile Include="render_command.cpp">
      <Filter>core\render\cmd</Filter>
    </ClCompile>
  </ItemGroup>
</Project>