<?xml version="1.0" encoding="utf-8"?>
<Project ToolsVersion="4.0" xmlns="http://schemas.microsoft.com/developer/msbuild/2003">
  <ItemGroup>
    <Filter Include="system">
      <UniqueIdentifier>{7f575345-d97c-4a43-9406-3ab841aa8888}</UniqueIdentifier>
    </Filter>
    <Filter Include="engine">
      <UniqueIdentifier>{ff2c0b87-777e-4904-8c12-d322a75b4cfd}</UniqueIdentifier>
    </Filter>
    <Filter Include="platform">
      <UniqueIdentifier>{bc1a12bd-1984-471d-8333-62bd6c3875b9}</UniqueIdentifier>
    </Filter>
    <Filter Include="platform\window">
      <UniqueIdentifier>{2796b911-766f-4885-8d02-4dead4c2c108}</UniqueIdentifier>
    </Filter>
    <Filter Include="platform\linux">
      <UniqueIdentifier>{c745ebb1-dd11-4e71-895a-02240a23be77}</UniqueIdentifier>
    </Filter>
    <Filter Include="support">
      <UniqueIdentifier>{ea7899cf-6616-4431-81d2-3657ac3d8bc3}</UniqueIdentifier>
    </Filter>
    <Filter Include="lua">
      <UniqueIdentifier>{1da2d866-dd2b-494e-a4e7-7d0cffb531fe}</UniqueIdentifier>
    </Filter>
    <Filter Include="plugin">
      <UniqueIdentifier>{2a075a3a-5b57-439e-b422-267298f8e68d}</UniqueIdentifier>
    </Filter>
    <Filter Include="slot">
      <UniqueIdentifier>{0bcb0cb9-8cc8-4dea-9a5f-9434f1165333}</UniqueIdentifier>
    </Filter>
    <Filter Include="manager">
      <UniqueIdentifier>{c615642b-4798-45c4-b0c6-f539eb36167c}</UniqueIdentifier>
    </Filter>
    <Filter Include="ecs">
      <UniqueIdentifier>{55c19cda-1055-4f8c-bc19-3c435c0c2084}</UniqueIdentifier>
    </Filter>
    <Filter Include="ecs\property">
      <UniqueIdentifier>{1db25664-5678-4df7-a9b4-549fa0cef70d}</UniqueIdentifier>
    </Filter>
    <Filter Include="ecs\scene">
      <UniqueIdentifier>{15e18d8e-1fc2-4e39-96b6-7846e7c1bd52}</UniqueIdentifier>
    </Filter>
    <Filter Include="ecs\scene\entity">
      <UniqueIdentifier>{1c2941a7-114f-4446-9eef-1dd103621aa5}</UniqueIdentifier>
    </Filter>
    <Filter Include="ecs\ui">
      <UniqueIdentifier>{c4d0b526-b542-4464-99a4-7864159774f0}</UniqueIdentifier>
    </Filter>
    <Filter Include="ecs\ui\2d">
      <UniqueIdentifier>{e8bfa5f0-5e2c-49e9-88b6-0a747165e7e6}</UniqueIdentifier>
    </Filter>
    <Filter Include="ecs\ui\2d\nodes">
      <UniqueIdentifier>{ff7556f0-c99f-4600-a686-27bfd498bd4d}</UniqueIdentifier>
    </Filter>
    <Filter Include="ecs\ui\2d\UiRender">
      <UniqueIdentifier>{095555a9-ee8e-45f6-88f7-8df97e927e0f}</UniqueIdentifier>
    </Filter>
    <Filter Include="ecs\ui\3d">
      <UniqueIdentifier>{f13c4198-dd3e-4586-b965-d1107a88fc24}</UniqueIdentifier>
    </Filter>
    <Filter Include="system\event_system">
      <UniqueIdentifier>{9a5c7045-b241-4da1-98d1-bc2de5ce2221}</UniqueIdentifier>
    </Filter>
    <Filter Include="logic">
      <UniqueIdentifier>{bc2622f1-a08d-41cf-b647-7b83c4b66691}</UniqueIdentifier>
    </Filter>
    <Filter Include="logic\state_machine">
      <UniqueIdentifier>{58827c73-2881-4aff-a73a-a3a02cb1ce34}</UniqueIdentifier>
    </Filter>
    <Filter Include="logic\script">
      <UniqueIdentifier>{d6c9f03e-225c-4cb5-af91-d2ea95270430}</UniqueIdentifier>
    </Filter>
    <Filter Include="logic\animation">
      <UniqueIdentifier>{dd6d1d59-838f-487d-905e-c2164f7ce875}</UniqueIdentifier>
    </Filter>
    <Filter Include="logic\binding">
      <UniqueIdentifier>{aa00f20b-c310-467b-b380-894a6c279aad}</UniqueIdentifier>
    </Filter>
    <Filter Include="logic\behive_tree">
      <UniqueIdentifier>{cb5a0676-01ae-4e6e-9bd8-56b28b1580b3}</UniqueIdentifier>
    </Filter>
    <Filter Include="logic\event">
      <UniqueIdentifier>{10647def-47b4-4934-a151-696369f29b03}</UniqueIdentifier>
    </Filter>
  </ItemGroup>
  <ItemGroup>
    <ClInclude Include="..\gxo\file_system.h">
      <Filter>system</Filter>
    </ClInclude>
    <ClInclude Include="net_system.h">
      <Filter>system</Filter>
    </ClInclude>
    <ClInclude Include="..\gxo\resource_manager.h">
      <Filter>manager</Filter>
    </ClInclude>
    <ClInclude Include="window_system.h">
      <Filter>system</Filter>
    </ClInclude>
    <ClInclude Include="bvh.h">
      <Filter>ecs\scene</Filter>
    </ClInclude>
    <ClInclude Include="kdtree.h">
      <Filter>ecs\scene</Filter>
    </ClInclude>
    <ClInclude Include="..\gxo\compositer.h">
      <Filter>ecs\ui\2d</Filter>
    </ClInclude>
    <ClInclude Include="..\gxo\layer.h">
      <Filter>ecs\ui\2d</Filter>
    </ClInclude>
    <ClInclude Include="..\gxo\camera_node.h">
      <Filter>slot</Filter>
    </ClInclude>
    <ClInclude Include="..\gxo\manipulator.h">
      <Filter>slot</Filter>
    </ClInclude>
    <ClInclude Include="..\gxo\viewport.h">
      <Filter>slot</Filter>
    </ClInclude>
    <ClInclude Include="light.h">
      <Filter>slot</Filter>
    </ClInclude>
    <ClInclude Include="..\gxo\gpu.h">
      <Filter>manager</Filter>
    </ClInclude>
    <ClInclude Include="gxo.h" />
    <ClInclude Include="engine.h">
      <Filter>engine</Filter>
    </ClInclude>
    <ClInclude Include="async_system.h">
      <Filter>system</Filter>
    </ClInclude>
    <ClInclude Include="render_system.h">
      <Filter>system</Filter>
    </ClInclude>
    <ClInclude Include="time_system.h">
      <Filter>system</Filter>
    </ClInclude>
    <ClInclude Include="scene_manager.h">
      <Filter>ecs\scene</Filter>
    </ClInclude>
    <ClInclude Include="ui_root.h">
      <Filter>ecs\ui\2d\nodes</Filter>
    </ClInclude>
    <ClInclude Include="scene_root.h">
      <Filter>ecs\scene\entity</Filter>
    </ClInclude>
    <ClInclude Include="scene_node.h">
      <Filter>ecs\scene\entity</Filter>
    </ClInclude>
    <ClInclude Include="..\gxo\ecs.h">
      <Filter>ecs</Filter>
    </ClInclude>
    <ClInclude Include="entity.h">
      <Filter>ecs</Filter>
    </ClInclude>
    <ClInclude Include="tree_node.h">
      <Filter>ecs</Filter>
    </ClInclude>
    <ClInclude Include="ui_node.h">
      <Filter>ecs\ui\2d\nodes</Filter>
    </ClInclude>
    <ClInclude Include="textblock.h">
      <Filter>ecs\ui\2d\nodes</Filter>
    </ClInclude>
    <ClInclude Include="viewport.h">
      <Filter>ecs\ui\2d\nodes</Filter>
    </ClInclude>
    <ClInclude Include="process_node.h">
      <Filter>ecs\ui\2d\nodes</Filter>
    </ClInclude>
    <ClInclude Include="work_system.h">
      <Filter>system</Filter>
    </ClInclude>
    <ClInclude Include="application.h" />
    <ClInclude Include="..\..\..\depence\sol\forward.hpp">
      <Filter>lua</Filter>
    </ClInclude>
    <ClInclude Include="..\..\..\depence\sol\sol.hpp">
      <Filter>lua</Filter>
    </ClInclude>
    <ClInclude Include="event_system.h">
      <Filter>system\event_system</Filter>
    </ClInclude>
    <ClInclude Include="gxo_event_queue.h">
      <Filter>system\event_system</Filter>
    </ClInclude>
    <ClInclude Include="gxo_event.h">
      <Filter>system\event_system</Filter>
    </ClInclude>
    <ClInclude Include="tree_manager.h">
      <Filter>ecs</Filter>
    </ClInclude>
    <ClInclude Include="state_mechine.h">
      <Filter>logic\state_machine</Filter>
    </ClInclude>
    <ClInclude Include="profiler.h">
      <Filter>support</Filter>
    </ClInclude>
    <ClInclude Include="trigger.h">
      <Filter>logic\event</Filter>
    </ClInclude>
    <ClInclude Include="message.h">
      <Filter>logic\event</Filter>
    </ClInclude>
    <ClInclude Include="action.h">
      <Filter>logic\event</Filter>
    </ClInclude>
    <ClInclude Include="config.h">
      <Filter>support</Filter>
    </ClInclude>
    <ClInclude Include="property_name_def.h">
      <Filter>ecs\property</Filter>
    </ClInclude>
    <ClInclude Include="gxo_view.h">
      <Filter>ecs\ui\2d\nodes</Filter>
    </ClInclude>
    <ClInclude Include="gxo_image.h">
      <Filter>ecs\ui\2d\nodes</Filter>
    </ClInclude>
  </ItemGroup>
  <ItemGroup>
    <ClCompile Include="main.cpp" />
    <ClCompile Include="engine.cpp">
      <Filter>engine</Filter>
    </ClCompile>
    <ClCompile Include="render_system.cpp">
      <Filter>system</Filter>
    </ClCompile>
    <ClCompile Include="async_system.cpp">
      <Filter>system</Filter>
    </ClCompile>
  </ItemGroup>
  <ItemGroup>
    <None Include="cpp.hint" />
  </ItemGroup>
</Project>